
Microsoft Visual Studio Solution File, Format Version 12.00
# Visual Studio Version 17
VisualStudioVersion = 17.0.31903.59
MinimumVisualStudioVersion = 10.0.40219.1
Project("{2150E333-8FDC-42A3-9474-1A3956D46DE8}") = "src", "src", "{DC4AFFF9-7546-4332-A2EF-2FF1F4698EF8}"
EndProject
Project("{FAE04EC0-301F-11D3-BF4B-00C04F79EFBC}") = "LinguaFlow.Api", "src\LinguaFlow.Api\LinguaFlow.Api.csproj", "{41171F7F-C569-4EF7-9E86-6F1E133D6211}"
EndProject
Project("{FAE04EC0-301F-11D3-BF4B-00C04F79EFBC}") = "LinguaFlow.Core", "src\LinguaFlow.Core\LinguaFlow.Core.csproj", "{6FB5B7FF-583C-4669-ACCD-43A9008B7A2D}"
EndProject
Project("{FAE04EC0-301F-11D3-BF4B-00C04F79EFBC}") = "LinguaFlow.Infrastructure", "src\LinguaFlow.Infrastructure\LinguaFlow.Infrastructure.csproj", "{47E6C93E-4120-430C-A7A5-48B33B0BC9A6}"
EndProject
Global
	GlobalSection(SolutionConfigurationPlatforms) = preSolution
		Debug|Any CPU = Debug|Any CPU
		Release|Any CPU = Release|Any CPU
	EndGlobalSection
	GlobalSection(SolutionProperties) = preSolution
		HideSolutionNode = FALSE
	EndGlobalSection
	GlobalSection(ProjectConfigurationPlatforms) = postSolution
		{41171F7F-C569-4EF7-9E86-6F1E133D6211}.Debug|Any CPU.ActiveCfg = Debug|Any CPU
		{41171F7F-C569-4EF7-9E86-6F1E133D6211}.Debug|Any CPU.Build.0 = Debug|Any CPU
		{41171F7F-C569-4EF7-9E86-6F1E133D6211}.Release|Any CPU.ActiveCfg = Release|Any CPU
		{41171F7F-C569-4EF7-9E86-6F1E133D6211}.Release|Any CPU.Build.0 = Release|Any CPU
		{6FB5B7FF-583C-4669-ACCD-43A9008B7A2D}.Debug|Any CPU.ActiveCfg = Debug|Any CPU
		{6FB5B7FF-583C-4669-ACCD-43A9008B7A2D}.Debug|Any CPU.Build.0 = Debug|Any CPU
		{6FB5B7FF-583C-4669-ACCD-43A9008B7A2D}.Release|Any CPU.ActiveCfg = Release|Any CPU
		{6FB5B7FF-583C-4669-ACCD-43A9008B7A2D}.Release|Any CPU.Build.0 = Release|Any CPU
		{47E6C93E-4120-430C-A7A5-48B33B0BC9A6}.Debug|Any CPU.ActiveCfg = Debug|Any CPU
		{47E6C93E-4120-430C-A7A5-48B33B0BC9A6}.Debug|Any CPU.Build.0 = Debug|Any CPU
		{47E6C93E-4120-430C-A7A5-48B33B0BC9A6}.Release|Any CPU.ActiveCfg = Release|Any CPU
		{47E6C93E-4120-430C-A7A5-48B33B0BC9A6}.Release|Any CPU.Build.0 = Release|Any CPU
	EndGlobalSection
	GlobalSection(NestedProjects) = preSolution
		{41171F7F-C569-4EF7-9E86-6F1E133D6211} = {DC4AFFF9-7546-4332-A2EF-2FF1F4698EF8}
		{6FB5B7FF-583C-4669-ACCD-43A9008B7A2D} = {DC4AFFF9-7546-4332-A2EF-2FF1F4698EF8}
		{47E6C93E-4120-430C-A7A5-48B33B0BC9A6} = {DC4AFFF9-7546-4332-A2EF-2FF1F4698EF8}
	EndGlobalSection
EndGlobal
